PODS:
  - Alamofire (4.0.1)
  - CCAutocomplete (0.0.4)
  - CVCalendar (1.4.0)
  - SwiftDate (4.0.7)
  - SwiftSpinner (1.1.0)
  - SwiftyJSON (3.1.1)

DEPENDENCIES:
  - Alamofire (~> 4.0)
  - CCAutocomplete (from `https://github.com/cjcoax/Autocomplete`)
  - CVCalendar (~> 1.4.0)
  - SwiftDate
  - SwiftSpinner
  - SwiftyJSON

EXTERNAL SOURCES:
  CCAutocomplete:
    :git: https://github.com/cjcoax/Autocomplete

CHECKOUT OPTIONS:
  CCAutocomplete:
    :commit: a9e735b6705aaac863f7733c70e5a819acdcfc05
    :git: https://github.com/cjcoax/Autocomplete

SPEC CHECKSUMS:
  Alamofire: 7682d43245de14874acd142ec137b144aa1dd335
  CCAutocomplete: 7e54cab43d10eb9e5385d5b3409e9dee0b7af714
  CVCalendar: ec1a06a508f99d8e5067258754f811a8a1433a3f
  SwiftDate: 0efb04a6751b1ab804049b2b09a69848cd304c12
  SwiftSpinner: c03815614599b91eea46594bd52ba742849d0414
  SwiftyJSON: f0be2e604f83e8405a624e9f891898bf6ed4e019

PODFILE CHECKSUM: 85a93f086de13a28db35ab231c04570dd6946982

COCOAPODS: 1.1.0.rc.2
