PODS:
  - Alamofire (4.0.1)
  - CCAutocomplete (0.0.4)
  - CVCalendar (1.4.0)
  - FSCalendar (2.5.0)
  - SwiftDate (4.0.7)
  - SwiftSpinner (1.0.2)
  - SwiftyJSON (3.1.1)

DEPENDENCIES:
  - Alamofire (~> 4.0)
  - CCAutocomplete (from `https://github.com/cjcoax/Autocomplete`)
  - CVCalendar (~> 1.4.0)
  - FSCalendar
  - SwiftDate
  - SwiftSpinner
  - SwiftyJSON

EXTERNAL SOURCES:
  CCAutocomplete:
    :git: https://github.com/cjcoax/Autocomplete

CHECKOUT OPTIONS:
  CCAutocomplete:
    :commit: a9e735b6705aaac863f7733c70e5a819acdcfc05
    :git: https://github.com/cjcoax/Autocomplete

SPEC CHECKSUMS:
  Alamofire: 7682d43245de14874acd142ec137b144aa1dd335
  CCAutocomplete: 7e54cab43d10eb9e5385d5b3409e9dee0b7af714
  CVCalendar: ec1a06a508f99d8e5067258754f811a8a1433a3f
  FSCalendar: eacc1e0086e8784b395731595033d84ccc13a217
  SwiftDate: 0efb04a6751b1ab804049b2b09a69848cd304c12
  SwiftSpinner: 1c80ff6ea1c47e2faa1dfce0fcd5e6b39a47fd51
  SwiftyJSON: f0be2e604f83e8405a624e9f891898bf6ed4e019

PODFILE CHECKSUM: c2e83bbd0a41b2c8a077595fc4ca80f87c26c162

COCOAPODS: 1.1.1
